
Microsoft Visual Studio Solution File, Format Version 12.00
# Visual Studio Version 16
VisualStudioVersion = 16.0.30907.101
MinimumVisualStudioVersion = 10.0.40219.1
Project("{8BC9CEB8-8B4A-11D0-8D11-00A0C91BC942}") = "STL051", "STL051\STL051.vcxproj", "{BFEE19A5-BC9D-4747-B176-70D292152202}"
EndProject
Global
	GlobalSection(SolutionConfigurationPlatforms) = preSolution
		Debug|x64 = Debug|x64
		Debug|x86 = Debug|x86
		Release|x64 = Release|x64
		Release|x86 = Release|x86
	EndGlobalSection
	GlobalSection(ProjectConfigurationPlatforms) = postSolution
		{BFEE19A5-BC9D-4747-B176-70D292152202}.Debug|x64.ActiveCfg = Debug|x64
		{BFEE19A5-BC9D-4747-B176-70D292152202}.Debug|x64.Build.0 = Debug|x64
		{BFEE19A5-BC9D-4747-B176-70D292152202}.Debug|x86.ActiveCfg = Debug|Win32
		{BFEE19A5-BC9D-4747-B176-70D292152202}.Debug|x86.Build.0 = Debug|Win32
		{BFEE19A5-BC9D-4747-B176-70D292152202}.Release|x64.ActiveCfg = Release|x64
		{BFEE19A5-BC9D-4747-B176-70D292152202}.Release|x64.Build.0 = Release|x64
		{BFEE19A5-BC9D-4747-B176-70D292152202}.Release|x86.ActiveCfg = Release|Win32
		{BFEE19A5-BC9D-4747-B176-70D292152202}.Release|x86.Build.0 = Release|Win32
	EndGlobalSection
	GlobalSection(SolutionProperties) = preSolution
		HideSolutionNode = FALSE
	EndGlobalSection
	GlobalSection(ExtensibilityGlobals) = postSolution
		SolutionGuid = {FC1B89CA-AE0D-4B53-9265-0F8B86644A5F}
	EndGlobalSection
EndGlobal
