
Microsoft Visual Studio Solution File, Format Version 12.00
# Visual Studio Version 16
VisualStudioVersion = 16.0.30413.136
MinimumVisualStudioVersion = 10.0.40219.1
Project("{8BC9CEB8-8B4A-11D0-8D11-00A0C91BC942}") = "STL022", "STL022\STL022.vcxproj", "{78250A95-9535-4419-B547-F4CB82B818A7}"
EndProject
Global
	GlobalSection(SolutionConfigurationPlatforms) = preSolution
		Debug|x64 = Debug|x64
		Debug|x86 = Debug|x86
		Release|x64 = Release|x64
		Release|x86 = Release|x86
	EndGlobalSection
	GlobalSection(ProjectConfigurationPlatforms) = postSolution
		{78250A95-9535-4419-B547-F4CB82B818A7}.Debug|x64.ActiveCfg = Debug|x64
		{78250A95-9535-4419-B547-F4CB82B818A7}.Debug|x64.Build.0 = Debug|x64
		{78250A95-9535-4419-B547-F4CB82B818A7}.Debug|x86.ActiveCfg = Debug|Win32
		{78250A95-9535-4419-B547-F4CB82B818A7}.Debug|x86.Build.0 = Debug|Win32
		{78250A95-9535-4419-B547-F4CB82B818A7}.Release|x64.ActiveCfg = Release|x64
		{78250A95-9535-4419-B547-F4CB82B818A7}.Release|x64.Build.0 = Release|x64
		{78250A95-9535-4419-B547-F4CB82B818A7}.Release|x86.ActiveCfg = Release|Win32
		{78250A95-9535-4419-B547-F4CB82B818A7}.Release|x86.Build.0 = Release|Win32
	EndGlobalSection
	GlobalSection(SolutionProperties) = preSolution
		HideSolutionNode = FALSE
	EndGlobalSection
	GlobalSection(ExtensibilityGlobals) = postSolution
		SolutionGuid = {CAAE511A-617C-46C4-BAAD-AB0403E37CE9}
	EndGlobalSection
EndGlobal
